<Solution>
  <Folder Name="/src/">
    <Project Path="src/MindAttic.Ideas.Abstractions/MindAttic.Ideas.Abstractions.csproj" />
    <Project Path="src/MindAttic.Ideas.Core/MindAttic.Ideas.Core.csproj" />
    <Project Path="src/MindAttic.Ideas.Rendering/MindAttic.Ideas.Rendering.csproj" />
    <Project Path="src/MindAttic.Ideas.Blazor/MindAttic.Ideas.Blazor.csproj" />
    <Project Path="src/MindAttic.Ideas.Sdk/MindAttic.Ideas.Sdk.csproj" />
    <Project Path="src/MindAttic.Ideas.Packaging/MindAttic.Ideas.Packaging.csproj" />
    <Project Path="src/MindAttic.Ideas.Tests/MindAttic.Ideas.Tests.csproj" />
  </Folder>
</Solution>
